
Microsoft Visual Studio Solution File, Format Version 12.00
# Visual Studio Version 17
VisualStudioVersion = 17.1.32328.378
MinimumVisualStudioVersion = 10.0.40219.1
Project("{9A19103F-16F7-4668-BE54-9A1E7A4F7556}") = "BugProjektV1", "BugProjektV1.csproj", "{F7EDA96D-7B75-4AED-A5F3-E988E32FD788}"
EndProject
Global
	GlobalSection(SolutionConfigurationPlatforms) = preSolution
		Debug|Any CPU = Debug|Any CPU
		Release|Any CPU = Release|Any CPU
	EndGlobalSection
	GlobalSection(ProjectConfigurationPlatforms) = postSolution
		{F7EDA96D-7B75-4AED-A5F3-E988E32FD788}.Debug|Any CPU.ActiveCfg = Debug|Any CPU
		{F7EDA96D-7B75-4AED-A5F3-E988E32FD788}.Debug|Any CPU.Build.0 = Debug|Any CPU
		{F7EDA96D-7B75-4AED-A5F3-E988E32FD788}.Release|Any CPU.ActiveCfg = Release|Any CPU
		{F7EDA96D-7B75-4AED-A5F3-E988E32FD788}.Release|Any CPU.Build.0 = Release|Any CPU
	EndGlobalSection
	GlobalSection(SolutionProperties) = preSolution
		HideSolutionNode = FALSE
	EndGlobalSection
	GlobalSection(ExtensibilityGlobals) = postSolution
		SolutionGuid = {A180522B-25BA-4835-90E0-D9FD8692DA3F}
	EndGlobalSection
EndGlobal
